{
  "name": "validations",
  "version": "1.0.0",
  "lockfileVersion": 1,
  "requires": true,
  "dependencies": {
    "fastest-validator": {
      "version": "0.6.15",
      "resolved": "https://registry.npmjs.org/fastest-validator/-/fastest-validator-0.6.15.tgz",
      "integrity": "sha512-y+AKxLmoaedv1rxZnRVDlDnsyRyhfU0SAZ9VgOMY1XpobIyVyz8MQxF0trJEI478RJQfGADsYGp0bluP+MNUrQ=="
    }
  }
}
